
Microsoft Visual Studio Solution File, Format Version 12.00
# Visual Studio 15
VisualStudioVersion = 15.0.26730.16
MinimumVisualStudioVersion = 10.0.40219.1
Project("{FAE04EC0-301F-11D3-BF4B-00C04F79EFBC}") = "bankingAccounts", "bankingAccounts\bankingAccounts.csproj", "{2E5EE834-57B0-4F9A-9F38-1BED4F72B5E8}"
EndProject
Global
	GlobalSection(SolutionConfigurationPlatforms) = preSolution
		Debug|Any CPU = Debug|Any CPU
		Release|Any CPU = Release|Any CPU
	EndGlobalSection
	GlobalSection(ProjectConfigurationPlatforms) = postSolution
		{2E5EE834-57B0-4F9A-9F38-1BED4F72B5E8}.Debug|Any CPU.ActiveCfg = Debug|Any CPU
		{2E5EE834-57B0-4F9A-9F38-1BED4F72B5E8}.Debug|Any CPU.Build.0 = Debug|Any CPU
		{2E5EE834-57B0-4F9A-9F38-1BED4F72B5E8}.Release|Any CPU.ActiveCfg = Release|Any CPU
		{2E5EE834-57B0-4F9A-9F38-1BED4F72B5E8}.Release|Any CPU.Build.0 = Release|Any CPU
	EndGlobalSection
	GlobalSection(SolutionProperties) = preSolution
		HideSolutionNode = FALSE
	EndGlobalSection
	GlobalSection(ExtensibilityGlobals) = postSolution
		SolutionGuid = {23659FD1-6673-41DE-BC32-B62ACAB94D38}
	EndGlobalSection
EndGlobal
