
Microsoft Visual Studio Solution File, Format Version 12.00
# Visual Studio 15
VisualStudioVersion = 15.0.26730.16
MinimumVisualStudioVersion = 10.0.40219.1
Project("{FAE04EC0-301F-11D3-BF4B-00C04F79EFBC}") = "signNoValue", "signNoValue\signNoValue.csproj", "{9E2B1C95-8424-44C6-A834-24023E95D905}"
EndProject
Global
	GlobalSection(SolutionConfigurationPlatforms) = preSolution
		Debug|Any CPU = Debug|Any CPU
		Release|Any CPU = Release|Any CPU
	EndGlobalSection
	GlobalSection(ProjectConfigurationPlatforms) = postSolution
		{9E2B1C95-8424-44C6-A834-24023E95D905}.Debug|Any CPU.ActiveCfg = Debug|Any CPU
		{9E2B1C95-8424-44C6-A834-24023E95D905}.Debug|Any CPU.Build.0 = Debug|Any CPU
		{9E2B1C95-8424-44C6-A834-24023E95D905}.Release|Any CPU.ActiveCfg = Release|Any CPU
		{9E2B1C95-8424-44C6-A834-24023E95D905}.Release|Any CPU.Build.0 = Release|Any CPU
	EndGlobalSection
	GlobalSection(SolutionProperties) = preSolution
		HideSolutionNode = FALSE
	EndGlobalSection
	GlobalSection(ExtensibilityGlobals) = postSolution
		SolutionGuid = {7564DBA1-1D7E-4E3F-BCF3-27EE0FA450DC}
	EndGlobalSection
EndGlobal
